{
  "requires": true,
  "lockfileVersion": 1,
  "dependencies": {
    "readline-sync": {
      "version": "1.4.9",
      "resolved": "https://frs-art.jpmchase.net/artifactory/api/npm/jpmc-public-npm/readline-sync/-/readline-sync-1.4.9.tgz",
      "integrity": "sha1-PtqOZfI80qF+YTAbHwADOWr17No="
    }
  }
}
